{
  "version": 4,
  "terraform_version": "1.1.8",
  "serial": 6,
  "lineage": "6e54c1c4-e1ac-3949-aec5-9a97635dbffb",
  "outputs": {
    "greenfield-subnet": {
      "value": {
        "creation_timestamp": "2022-05-07T11:03:55.490-07:00",
        "description": "",
        "external_ipv6_prefix": "",
        "fingerprint": null,
        "gateway_address": "10.10.0.1",
        "id": "projects/stellar-lock-347017/regions/us-central1/subnetworks/greenfield-subnet-public-dev",
        "ip_cidr_range": "10.10.0.0/24",
        "ipv6_access_type": "",
        "ipv6_cidr_range": "",
        "log_config": [],
        "name": "greenfield-subnet-public-dev",
        "network": "https://www.googleapis.com/compute/v1/projects/stellar-lock-347017/global/networks/greenfield-vpc-dev",
        "private_ip_google_access": false,
        "private_ipv6_google_access": "DISABLE_GOOGLE_ACCESS",
        "project": "stellar-lock-347017",
        "purpose": "PRIVATE",
        "region": "us-central1",
        "role": "",
        "secondary_ip_range": [
          {
            "ip_cidr_range": "10.20.0.0/24",
            "range_name": "greenfield-pod"
          },
          {
            "ip_cidr_range": "10.30.0.0/24",
            "range_name": "greenfield-service"
          }
        ],
        "self_link": "https://www.googleapis.com/compute/v1/projects/stellar-lock-347017/regions/us-central1/subnetworks/greenfield-subnet-public-dev",
        "stack_type": "IPV4_ONLY",
        "timeouts": null
      },
      "type": [
        "object",
        {
          "creation_timestamp": "string",
          "description": "string",
          "external_ipv6_prefix": "string",
          "fingerprint": "string",
          "gateway_address": "string",
          "id": "string",
          "ip_cidr_range": "string",
          "ipv6_access_type": "string",
          "ipv6_cidr_range": "string",
          "log_config": [
            "list",
            [
              "object",
              {
                "aggregation_interval": "string",
                "filter_expr": "string",
                "flow_sampling": "number",
                "metadata": "string",
                "metadata_fields": [
                  "set",
                  "string"
                ]
              }
            ]
          ],
          "name": "string",
          "network": "string",
          "private_ip_google_access": "bool",
          "private_ipv6_google_access": "string",
          "project": "string",
          "purpose": "string",
          "region": "string",
          "role": "string",
          "secondary_ip_range": [
            "list",
            [
              "object",
              {
                "ip_cidr_range": "string",
                "range_name": "string"
              }
            ]
          ],
          "self_link": "string",
          "stack_type": "string",
          "timeouts": [
            "object",
            {
              "create": "string",
              "delete": "string",
              "update": "string"
            }
          ]
        }
      ]
    },
    "greenfield-vpc": {
      "value": {
        "auto_create_subnetworks": false,
        "delete_default_routes_on_create": false,
        "description": "",
        "gateway_ipv4": "",
        "id": "projects/stellar-lock-347017/global/networks/greenfield-vpc-dev",
        "mtu": 0,
        "name": "greenfield-vpc-dev",
        "project": "stellar-lock-347017",
        "routing_mode": "REGIONAL",
        "self_link": "https://www.googleapis.com/compute/v1/projects/stellar-lock-347017/global/networks/greenfield-vpc-dev",
        "timeouts": null
      },
      "type": [
        "object",
        {
          "auto_create_subnetworks": "bool",
          "delete_default_routes_on_create": "bool",
          "description": "string",
          "gateway_ipv4": "string",
          "id": "string",
          "mtu": "number",
          "name": "string",
          "project": "string",
          "routing_mode": "string",
          "self_link": "string",
          "timeouts": [
            "object",
            {
              "create": "string",
              "delete": "string",
              "update": "string"
            }
          ]
        }
      ]
    },
    "greenfield-vpc_id": {
      "value": "projects/stellar-lock-347017/global/networks/greenfield-vpc-dev",
      "type": "string"
    },
    "greenfield-vpc_name": {
      "value": "greenfield-vpc-dev",
      "type": "string"
    },
    "greenfield-vpc_self_link": {
      "value": "https://www.googleapis.com/compute/v1/projects/stellar-lock-347017/global/networks/greenfield-vpc-dev",
      "type": "string"
    }
  },
  "resources": [
    {
      "mode": "managed",
      "type": "google_compute_network",
      "name": "greenfield-vpc",
      "provider": "provider[\"registry.terraform.io/hashicorp/google\"]",
      "instances": [
        {
          "schema_version": 0,
          "attributes": {
            "auto_create_subnetworks": false,
            "delete_default_routes_on_create": false,
            "description": "",
            "gateway_ipv4": "",
            "id": "projects/stellar-lock-347017/global/networks/greenfield-vpc-dev",
            "mtu": 0,
            "name": "greenfield-vpc-dev",
            "project": "stellar-lock-347017",
            "routing_mode": "REGIONAL",
            "self_link": "https://www.googleapis.com/compute/v1/projects/stellar-lock-347017/global/networks/greenfield-vpc-dev",
            "timeouts": null
          },
          "sensitive_attributes": [],
          "private": "eyJlMmJmYjczMC1lY2FhLTExZTYtOGY4OC0zNDM2M2JjN2M0YzAiOnsiY3JlYXRlIjoxMjAwMDAwMDAwMDAwLCJkZWxldGUiOjEyMDAwMDAwMDAwMDAsInVwZGF0ZSI6MTIwMDAwMDAwMDAwMH19"
        }
      ]
    },
    {
      "mode": "managed",
      "type": "google_compute_subnetwork",
      "name": "greenfield-subnet",
      "provider": "provider[\"registry.terraform.io/hashicorp/google\"]",
      "instances": [
        {
          "schema_version": 0,
          "attributes": {
            "creation_timestamp": "2022-05-07T11:03:55.490-07:00",
            "description": "",
            "external_ipv6_prefix": "",
            "fingerprint": null,
            "gateway_address": "10.10.0.1",
            "id": "projects/stellar-lock-347017/regions/us-central1/subnetworks/greenfield-subnet-public-dev",
            "ip_cidr_range": "10.10.0.0/24",
            "ipv6_access_type": "",
            "ipv6_cidr_range": "",
            "log_config": [],
            "name": "greenfield-subnet-public-dev",
            "network": "https://www.googleapis.com/compute/v1/projects/stellar-lock-347017/global/networks/greenfield-vpc-dev",
            "private_ip_google_access": false,
            "private_ipv6_google_access": "DISABLE_GOOGLE_ACCESS",
            "project": "stellar-lock-347017",
            "purpose": "PRIVATE",
            "region": "us-central1",
            "role": "",
            "secondary_ip_range": [
              {
                "ip_cidr_range": "10.20.0.0/24",
                "range_name": "greenfield-pod"
              },
              {
                "ip_cidr_range": "10.30.0.0/24",
                "range_name": "greenfield-service"
              }
            ],
            "self_link": "https://www.googleapis.com/compute/v1/projects/stellar-lock-347017/regions/us-central1/subnetworks/greenfield-subnet-public-dev",
            "stack_type": "IPV4_ONLY",
            "timeouts": null
          },
          "sensitive_attributes": [],
          "private": "eyJlMmJmYjczMC1lY2FhLTExZTYtOGY4OC0zNDM2M2JjN2M0YzAiOnsiY3JlYXRlIjoxMjAwMDAwMDAwMDAwLCJkZWxldGUiOjEyMDAwMDAwMDAwMDAsInVwZGF0ZSI6MTIwMDAwMDAwMDAwMH19",
          "dependencies": [
            "google_compute_network.greenfield-vpc"
          ]
        }
      ]
    }
  ]
}
